
Microsoft Visual Studio Solution File, Format Version 12.00
Project("{FAE04EC0-301F-11D3-BF4B-00C04F79EFBC}") = "watchmud-web", "watchmud-web\watchmud-web.csproj", "{9F254D71-70E9-4346-86F4-6F62F3C3F484}"
EndProject
Global
	GlobalSection(SolutionConfigurationPlatforms) = preSolution
		Debug|Any CPU = Debug|Any CPU
		Release|Any CPU = Release|Any CPU
	EndGlobalSection
	GlobalSection(ProjectConfigurationPlatforms) = postSolution
		{9F254D71-70E9-4346-86F4-6F62F3C3F484}.Debug|Any CPU.ActiveCfg = Debug|Any CPU
		{9F254D71-70E9-4346-86F4-6F62F3C3F484}.Debug|Any CPU.Build.0 = Debug|Any CPU
		{9F254D71-70E9-4346-86F4-6F62F3C3F484}.Release|Any CPU.ActiveCfg = Release|Any CPU
		{9F254D71-70E9-4346-86F4-6F62F3C3F484}.Release|Any CPU.Build.0 = Release|Any CPU
	EndGlobalSection
EndGlobal
